[[package]]
category = "main"
description = "A library for parsing ISO 8601 strings."
name = "aniso8601"
optional = false
python-versions = "*"
version = "8.0.0"

[[package]]
category = "main"
description = "In-process task scheduler with Cron-like capabilities"
name = "apscheduler"
optional = false
python-versions = "*"
version = "3.6.1"

[package.dependencies]
pytz = "*"
setuptools = ">=0.7"
six = ">=1.4.0"
tzlocal = ">=1.2"

[[package]]
category = "main"
description = "Composable command line interface toolkit"
name = "click"
optional = false
python-versions = ">=2.7, !=3.0.*, !=3.1.*, !=3.2.*, !=3.3.*"
version = "7.0"

[[package]]
category = "main"
description = "A simple framework for building complex web applications."
name = "flask"
optional = false
python-versions = ">=2.7, !=3.0.*, !=3.1.*, !=3.2.*, !=3.3.*, !=3.4.*"
version = "1.1.1"

[package.dependencies]
Jinja2 = ">=2.10.1"
Werkzeug = ">=0.15"
click = ">=5.1"
itsdangerous = ">=0.24"

[[package]]
category = "main"
description = "Rate limiting for flask applications"
name = "flask-limiter"
optional = false
python-versions = "*"
version = "1.1.0"

[package.dependencies]
Flask = ">=0.8"
limits = "*"
six = ">=1.4.1"

[[package]]
category = "main"
description = "PyMongo support for Flask applications"
name = "flask-pymongo"
optional = false
python-versions = "*"
version = "2.3.0"

[package.dependencies]
Flask = ">=0.11"
PyMongo = ">=3.3"

[[package]]
category = "main"
description = "Simple framework for creating REST APIs"
name = "flask-restful"
optional = false
python-versions = "*"
version = "0.3.7"

[package.dependencies]
Flask = ">=0.8"
aniso8601 = ">=0.82"
pytz = "*"
six = ">=1.3.0"

[[package]]
category = "main"
description = "Various helpers to pass data to untrusted environments and back."
name = "itsdangerous"
optional = false
python-versions = ">=2.7, !=3.0.*, !=3.1.*, !=3.2.*, !=3.3.*"
version = "1.1.0"

[[package]]
category = "main"
description = "A very fast and expressive template engine."
name = "jinja2"
optional = false
python-versions = "*"
version = "2.10.3"

[package.dependencies]
MarkupSafe = ">=0.23"

[[package]]
category = "main"
description = "Rate limiting utilities"
name = "limits"
optional = false
python-versions = "*"
version = "1.3"

[package.dependencies]
six = ">=1.4.1"

[[package]]
category = "main"
description = "Safely add untrusted strings to HTML/XML markup."
name = "markupsafe"
optional = false
python-versions = ">=2.7,!=3.0.*,!=3.1.*,!=3.2.*,!=3.3.*"
version = "1.1.1"

[[package]]
category = "main"
description = "Python driver for MongoDB <http://www.mongodb.org>"
name = "pymongo"
optional = false
python-versions = ">=2.7,!=3.0.*,!=3.1.*,!=3.2.*,!=3.3.*"
version = "3.9.0"

[[package]]
category = "main"
description = "World timezone definitions, modern and historical"
name = "pytz"
optional = false
python-versions = "*"
version = "2019.3"

[[package]]
category = "main"
description = "Python 2 and 3 compatibility utilities"
name = "six"
optional = false
python-versions = ">=2.6, !=3.0.*, !=3.1.*"
version = "1.12.0"

[[package]]
category = "main"
description = "tzinfo object for the local timezone"
name = "tzlocal"
optional = false
python-versions = "*"
version = "2.0.0"

[package.dependencies]
pytz = "*"

[[package]]
category = "main"
description = "The comprehensive WSGI web application library."
name = "werkzeug"
optional = false
python-versions = ">=2.7, !=3.0.*, !=3.1.*, !=3.2.*, !=3.3.*"
version = "0.16.0"

[metadata]
content-hash = "d992066e749e924314f48094c7930e5ac6f01e10e86d7d25804f88b365a66669"
python-versions = "^3.6"

[metadata.hashes]
aniso8601 = ["529dcb1f5f26ee0df6c0a1ee84b7b27197c3c50fc3a6321d66c544689237d072", "c033f63d028b9a58e3ab0c2c7d0532ab4bfa7452bfc788fbfe3ddabd327b181a"]
apscheduler = ["529afb7909e08416132891188cbfea5351eb35e4a684b67e983d819e8d01a6b0", "cde18f6dbffa1b75aff67fd7fe423a3020cb0363f6c67bd45f24306d90898231"]
click = ["2335065e6395b9e67ca716de5f7526736bfa6ceead690adf616d925bdc622b13", "5b94b49521f6456670fdb30cd82a4eca9412788a93fa6dd6df72c94d5a8ff2d7"]
flask = ["13f9f196f330c7c2c5d7a5cf91af894110ca0215ac051b5844701f2bfd934d52", "45eb5a6fd193d6cf7e0cf5d8a5b31f83d5faae0293695626f539a823e93b13f6"]
flask-limiter = ["5831d6b5b9ef6a83dca4b89f216880a7aa204b5ce8b710b5bc02786bf21e11fd", "905c35cd87bf60c92fd87922ae23fe27aa5fb31980bab31fc00807adee9f5a55", "9087984ae7eeb862f93bf5b18477a5e5b1e0c907647ae74fba1c7e3f1de63d6f"]
flask-pymongo = ["620eb02dc8808a5fcb90f26cab6cba9d6bf497b15032ae3ca99df80366e33314", "8a9577a2c6d00b49f21cb5a5a8d72561730364a2d745551a85349ab02f86fc73"]
flask-restful = ["ecd620c5cc29f663627f99e04f17d1f16d095c83dc1d618426e2ad68b03092f8", "f8240ec12349afe8df1db168ea7c336c4e5b0271a36982bff7394f93275f2ca9"]
itsdangerous = ["321b033d07f2a4136d3ec762eac9f16a10ccd60f53c0c91af90217ace7ba1f19", "b12271b2047cb23eeb98c8b5622e2e5c5e9abd9784a153e9d8ef9cb4dd09d749"]
jinja2 = ["74320bb91f31270f9551d46522e33af46a80c3d619f4a4bf42b3164d30b5911f", "9fe95f19286cfefaa917656583d020be14e7859c6b0252588391e47db34527de"]
limits = ["9df578f4161017d79f5188609f1d65f6b639f8aad2914c3960c9252e56a0ff95", "a017b8d9e9da6761f4574642149c337f8f540d4edfe573fb91ad2c4001a2bc76"]
markupsafe = ["00bc623926325b26bb9605ae9eae8a215691f33cae5df11ca5424f06f2d1f473", "09027a7803a62ca78792ad89403b1b7a73a01c8cb65909cd876f7fcebd79b161", "09c4b7f37d6c648cb13f9230d847adf22f8171b1ccc4d5682398e77f40309235", "1027c282dad077d0bae18be6794e6b6b8c91d58ed8a8d89a89d59693b9131db5", "24982cc2533820871eba85ba648cd53d8623687ff11cbb805be4ff7b4c971aff", "29872e92839765e546828bb7754a68c418d927cd064fd4708fab9fe9c8bb116b", "43a55c2930bbc139570ac2452adf3d70cdbb3cfe5912c71cdce1c2c6bbd9c5d1", "46c99d2de99945ec5cb54f23c8cd5689f6d7177305ebff350a58ce5f8de1669e", "500d4957e52ddc3351cabf489e79c91c17f6e0899158447047588650b5e69183", "535f6fc4d397c1563d08b88e485c3496cf5784e927af890fb3c3aac7f933ec66", "62fe6c95e3ec8a7fad637b7f3d372c15ec1caa01ab47926cfdf7a75b40e0eac1", "6dd73240d2af64df90aa7c4e7481e23825ea70af4b4922f8ede5b9e35f78a3b1", "717ba8fe3ae9cc0006d7c451f0bb265ee07739daf76355d06366154ee68d221e", "79855e1c5b8da654cf486b830bd42c06e8780cea587384cf6545b7d9ac013a0b", "7c1699dfe0cf8ff607dbdcc1e9b9af1755371f92a68f706051cc8c37d447c905", "88e5fcfb52ee7b911e8bb6d6aa2fd21fbecc674eadd44118a9cc3863f938e735", "8defac2f2ccd6805ebf65f5eeb132adcf2ab57aa11fdf4c0dd5169a004710e7d", "98c7086708b163d425c67c7a91bad6e466bb99d797aa64f965e9d25c12111a5e", "9add70b36c5666a2ed02b43b335fe19002ee5235efd4b8a89bfcf9005bebac0d", "9bf40443012702a1d2070043cb6291650a0841ece432556f784f004937f0f32c", "ade5e387d2ad0d7ebf59146cc00c8044acbd863725f887353a10df825fc8ae21", "b00c1de48212e4cc9603895652c5c410df699856a2853135b3967591e4beebc2", "b1282f8c00509d99fef04d8ba936b156d419be841854fe901d8ae224c59f0be5", "b2051432115498d3562c084a49bba65d97cf251f5a331c64a12ee7e04dacc51b", "ba59edeaa2fc6114428f1637ffff42da1e311e29382d81b339c1817d37ec93c6", "c8716a48d94b06bb3b2524c2b77e055fb313aeb4ea620c8dd03a105574ba704f", "cd5df75523866410809ca100dc9681e301e3c27567cf498077e8551b6d20e42f", "e249096428b3ae81b08327a63a485ad0878de3fb939049038579ac0ef61e17e7"]
pymongo = ["09f8196e1cb081713aa3face08d1806dc0a5dd64cb9f67fefc568519253a7ff2", "1be549c0ce2ba8242c149156ae2064b12a5d4704448d49f630b4910606efd474", "1f9fe869e289210250cba4ea20fbd169905b1793e1cd2737f423e107061afa98", "3653cea82d1e35edd0a2355150daf8a27ebf12cf55182d5ad1046bfa288f5140", "4249c6ba45587b959292a727532826c5032d59171f923f7f823788f413c2a5a3", "4ff8f5e7c0a78983c1ee07894fff1b21c0e0ad3a122d9786cc3745fd60e4a2ce", "56b29c638ab924716b48a3e94e3d7ac00b04acec1daa8190c36d61fc714c3629", "56ec9358bbfe5ae3b25e785f8a14619d6799c855a44734c9098bb457174019bf", "5b59bbde4eb417f3f9379f7b1a9de3669894f2bae9de933a836e2bffea2bbfa1", "5dca250cbf1183c3e7b7b18c882c2b2199bfb20c74c4c68dbf11596808a296da", "61101d1cc92881fac1f9ac7e99b033062f4c210178dc33193c8f5567feecb069", "7b4aea184e4868ebd4f9f786ffee14a1121bda5436ad04f6bcbacfa2147f8386", "86624c0205a403fb4fbfedef79c5b4ab27e21fd018fdb6a27cf03b3c32a9e2b9", "88ac09e1b197c3b4531e43054d49c022a3ea1281431b2f4980abafa35d2a5ce2", "8b0339809b12ea292d468524dd1777f1a9637d9bdc0353a9261b88f82537d606", "93dbf7388f6bf9af48dbb32f265b75b3dbc743a7a2ce98e44c88c049c58d85d3", "9b705daec636c560dd2d63935f428a6b3cddfe903fffc0f349e0e91007c893d6", "a090a819fe6fefadc2901d3911c07c76c0935ec5c790a50e9f3c3c47bacd5978", "a102b346f1921237eaa9a31ee89eda57ad3c3973d79be3a456d92524e7df8fec", "a13363869f2f36291d6367069c65d51d7b8d1b2fb410266b0b6b1f3c90d6deb0", "a409a43c76da50881b70cc9ee70a1744f882848e8e93a68fb434254379777fa3", "a76475834a978058425b0163f1bad35a5f70e45929a543075633c3fc1df564c5", "ad474e93525baa6c58d75d63a73143af24c9f93c8e26e8d382f32c4da637901a", "b268c7fa03ac77a8662fab3b2ab0be4beecb82f60f4c24b584e69565691a107f", "b67ec339b180acdbebcd03807ae4b1764a43e7069340fe860a60ac310b9d38be", "cca4e1ab5ba0cd7877d3938167ee8ae9c2986cc0e10d3dcc3243d664d3a83fec", "cef61de3f0f4441ec40266ff2ab42e5c16eaba1dc1fc6e1036f274621c52adc1", "e28153b5d5ca33d4ba0c3bbc0e1ff161b9016e5e5f3f8ca10d6fa49106eb9e04", "f30d7b37804daf0bab1143abc71666c630d7e270f5c14c5a7c300a6699c21108", "f70f0133301cccf9bfd68fd20f67184ef991be578b646e78441106f9e27cc44d", "fa75c21c1d82f20cce62f6fc4a68c2b0f33572ab406df1b17cd77a947d0b2993"]
pytz = ["1c557d7d0e871de1f5ccd5833f60fb2550652da6be2693c1e02300743d21500d", "b02c06db6cf09c12dd25137e563b31700d3b80fcc4ad23abb7a315f2789819be"]
six = ["3350809f0555b11f552448330d0b52d5f24c91a322ea4a15ef22629740f3761c", "d16a0141ec1a18405cd4ce8b4613101da75da0e9a7aec5bdd4fa804d0e0eba73"]
tzlocal = ["11c9f16e0a633b4b60e1eede97d8a46340d042e67b670b290ca526576e039048", "949b9dd5ba4be17190a80c0268167d7e6c92c62b30026cf9764caf3e308e5590"]
werkzeug = ["7280924747b5733b246fe23972186c6b348f9ae29724135a6dfc1e53cea433e7", "e5f4a1f98b52b18a93da705a7458e55afb26f32bff83ff5d19189f92462d65c4"]
